
Microsoft Visual Studio Solution File, Format Version 12.00
# Visual Studio Version 17
VisualStudioVersion = 17.5.33530.505
MinimumVisualStudioVersion = 10.0.40219.1
Project("{9A19103F-16F7-4668-BE54-9A1E7A4F7556}") = "GraphQLDemo", "GraphQLDemo.csproj", "{83E4972C-5069-4320-B78B-4E04129D1E56}"
EndProject
Project("{9A19103F-16F7-4668-BE54-9A1E7A4F7556}") = "DataAccess", "..\DataAccess\DataAccess.csproj", "{7DCC5F92-6776-4222-91F9-C242E5541FCC}"
EndProject
Project("{FAE04EC0-301F-11D3-BF4B-00C04F79EFBC}") = "Repository", "..\Repository\Repository.csproj", "{EF566AA9-ADB0-4E1D-B5A4-DB63C59323E3}"
EndProject
Project("{FAE04EC0-301F-11D3-BF4B-00C04F79EFBC}") = "GraphQLService", "..\GraphQL\GraphQLService.csproj", "{28B62EC5-19DA-4C89-9BD0-0D4B700E8ABB}"
EndProject
Project("{FAE04EC0-301F-11D3-BF4B-00C04F79EFBC}") = "GraphQLClient", "..\GraphQLClient\GraphQLClient.csproj", "{93E91708-7305-495B-B62E-F7C86D665768}"
EndProject
Global
	GlobalSection(SolutionConfigurationPlatforms) = preSolution
		Debug|Any CPU = Debug|Any CPU
		Release|Any CPU = Release|Any CPU
	EndGlobalSection
	GlobalSection(ProjectConfigurationPlatforms) = postSolution
		{83E4972C-5069-4320-B78B-4E04129D1E56}.Debug|Any CPU.ActiveCfg = Debug|Any CPU
		{83E4972C-5069-4320-B78B-4E04129D1E56}.Debug|Any CPU.Build.0 = Debug|Any CPU
		{83E4972C-5069-4320-B78B-4E04129D1E56}.Release|Any CPU.ActiveCfg = Release|Any CPU
		{83E4972C-5069-4320-B78B-4E04129D1E56}.Release|Any CPU.Build.0 = Release|Any CPU
		{7DCC5F92-6776-4222-91F9-C242E5541FCC}.Debug|Any CPU.ActiveCfg = Debug|Any CPU
		{7DCC5F92-6776-4222-91F9-C242E5541FCC}.Debug|Any CPU.Build.0 = Debug|Any CPU
		{7DCC5F92-6776-4222-91F9-C242E5541FCC}.Release|Any CPU.ActiveCfg = Release|Any CPU
		{7DCC5F92-6776-4222-91F9-C242E5541FCC}.Release|Any CPU.Build.0 = Release|Any CPU
		{EF566AA9-ADB0-4E1D-B5A4-DB63C59323E3}.Debug|Any CPU.ActiveCfg = Debug|Any CPU
		{EF566AA9-ADB0-4E1D-B5A4-DB63C59323E3}.Debug|Any CPU.Build.0 = Debug|Any CPU
		{EF566AA9-ADB0-4E1D-B5A4-DB63C59323E3}.Release|Any CPU.ActiveCfg = Release|Any CPU
		{EF566AA9-ADB0-4E1D-B5A4-DB63C59323E3}.Release|Any CPU.Build.0 = Release|Any CPU
		{28B62EC5-19DA-4C89-9BD0-0D4B700E8ABB}.Debug|Any CPU.ActiveCfg = Debug|Any CPU
		{28B62EC5-19DA-4C89-9BD0-0D4B700E8ABB}.Debug|Any CPU.Build.0 = Debug|Any CPU
		{28B62EC5-19DA-4C89-9BD0-0D4B700E8ABB}.Release|Any CPU.ActiveCfg = Release|Any CPU
		{28B62EC5-19DA-4C89-9BD0-0D4B700E8ABB}.Release|Any CPU.Build.0 = Release|Any CPU
		{93E91708-7305-495B-B62E-F7C86D665768}.Debug|Any CPU.ActiveCfg = Debug|Any CPU
		{93E91708-7305-495B-B62E-F7C86D665768}.Debug|Any CPU.Build.0 = Debug|Any CPU
		{93E91708-7305-495B-B62E-F7C86D665768}.Release|Any CPU.ActiveCfg = Release|Any CPU
		{93E91708-7305-495B-B62E-F7C86D665768}.Release|Any CPU.Build.0 = Release|Any CPU
	EndGlobalSection
	GlobalSection(SolutionProperties) = preSolution
		HideSolutionNode = FALSE
	EndGlobalSection
	GlobalSection(ExtensibilityGlobals) = postSolution
		SolutionGuid = {54950988-4094-42BF-BA44-550C117A26E1}
	EndGlobalSection
EndGlobal
